
Microsoft Visual Studio Solution File, Format Version 11.00
# Visual Studio 2010
Project("{FAE04EC0-301F-11D3-BF4B-00C04F79EFBC}") = "AiAssignment", "Assembly-CSharp.csproj", "{DE8618FC-EEDE-7937-792C-4FED6DD42802}"
EndProject
Global
	GlobalSection(SolutionConfigurationPlatforms) = preSolution
		Debug|Any CPU = Debug|Any CPU
		Release|Any CPU = Release|Any CPU
	EndGlobalSection
	GlobalSection(ProjectConfigurationPlatforms) = postSolution
		{DE8618FC-EEDE-7937-792C-4FED6DD42802}.Debug|Any CPU.ActiveCfg = Debug|Any CPU
		{DE8618FC-EEDE-7937-792C-4FED6DD42802}.Debug|Any CPU.Build.0 = Debug|Any CPU
		{DE8618FC-EEDE-7937-792C-4FED6DD42802}.Release|Any CPU.ActiveCfg = Release|Any CPU
		{DE8618FC-EEDE-7937-792C-4FED6DD42802}.Release|Any CPU.Build.0 = Release|Any CPU
	EndGlobalSection
	GlobalSection(SolutionProperties) = preSolution
		HideSolutionNode = FALSE
	EndGlobalSection
	GlobalSection(MonoDevelopProperties) = preSolution
		StartupItem = Assembly-CSharp.csproj
	EndGlobalSection
EndGlobal
